// !$*UTF8*$!
{
	archiveVersion = 1;
	classes = {
	};
	objectVersion = 55;
	objects = {

/* Begin PBXBuildFile section */
		053C558127D7D1220089BFFF /* newsApp_SwiffUIApp.swift in Sources */ = {isa = PBXBuildFile; fileRef = 053C558027D7D1220089BFFF /* newsApp_SwiffUIApp.swift */; };
		053C558327D7D1220089BFFF /* ContentView.swift in Sources */ = {isa = PBXBuildFile; fileRef = 053C558227D7D1220089BFFF /* ContentView.swift */; };
		053C558527D7D1250089BFFF /* Assets.xcassets in Resources */ = {isa = PBXBuildFile; fileRef = 053C558427D7D1250089BFFF /* Assets.xcassets */; };
		053C558827D7D1250089BFFF /* Preview Assets.xcassets in Resources */ = {isa = PBXBuildFile; fileRef = 053C558727D7D1250089BFFF /* Preview Assets.xcassets */; };
		053C559027D7D1B80089BFFF /* NetworkManager.swift in Sources */ = {isa = PBXBuildFile; fileRef = 053C558F27D7D1B80089BFFF /* NetworkManager.swift */; };
		053C559227D7D2A00089BFFF /* PostData.swift in Sources */ = {isa = PBXBuildFile; fileRef = 053C559127D7D2A00089BFFF /* PostData.swift */; };
		0599A4F027D8172B00143E97 /* DetailView.swift in Sources */ = {isa = PBXBuildFile; fileRef = 0599A4EF27D8172B00143E97 /* DetailView.swift */; };
		0599A4F227D81CC200143E97 /* WebView.swift in Sources */ = {isa = PBXBuildFile; fileRef = 0599A4F127D81CC200143E97 /* WebView.swift */; };
/* End PBXBuildFile section */

/* Begin PBXFileReference section */
		053C557D27D7D1220089BFFF /* newsApp-SwiffUI.app */ = {isa = PBXFileReference; explicitFileType = wrapper.application; includeInIndex = 0; path = "newsApp-SwiffUI.app"; sourceTree = BUILT_PRODUCTS_DIR; };
		053C558027D7D1220089BFFF /* newsApp_SwiffUIApp.swift */ = {isa = PBXFileReference; lastKnownFileType = sourcecode.swift; path = newsApp_SwiffUIApp.swift; sourceTree = "<group>"; };
		053C558227D7D1220089BFFF /* ContentView.swift */ = {isa = PBXFileReference; lastKnownFileType = sourcecode.swift; path = ContentView.swift; sourceTree = "<group>"; };
		053C558427D7D1250089BFFF /* Assets.xcassets */ = {isa = PBXFileReference; lastKnownFileType = folder.assetcatalog; path = Assets.xcassets; sourceTree = "<group>"; };
		053C558727D7D1250089BFFF /* Preview Assets.xcassets */ = {isa = PBXFileReference; lastKnownFileType = folder.assetcatalog; path = "Preview Assets.xcassets"; sourceTree = "<group>"; };
		053C558F27D7D1B80089BFFF /* NetworkManager.swift */ = {isa = PBXFileReference; lastKnownFileType = sourcecode.swift; path = NetworkManager.swift; sourceTree = "<group>"; };
		053C559127D7D2A00089BFFF /* PostData.swift */ = {isa = PBXFileReference; lastKnownFileType = sourcecode.swift; path = PostData.swift; sourceTree = "<group>"; };
		0599A4EF27D8172B00143E97 /* DetailView.swift */ = {isa = PBXFileReference; lastKnownFileType = sourcecode.swift; path = DetailView.swift; sourceTree = "<group>"; };
		0599A4F127D81CC200143E97 /* WebView.swift */ = {isa = PBXFileReference; lastKnownFileType = sourcecode.swift; path = WebView.swift; sourceTree = "<group>"; };
/* End PBXFileReference section */

/* Begin PBXFrameworksBuildPhase section */
		053C557A27D7D1220089BFFF /* Frameworks */ = {
			isa = PBXFrameworksBuildPhase;
			buildActionMask = 2147483647;
			files = (
			);
			runOnlyForDeploymentPostprocessing = 0;
		};
/* End PBXFrameworksBuildPhase section */

/* Begin PBXGroup section */
		053C557427D7D1220089BFFF = {
			isa = PBXGroup;
			children = (
				053C557F27D7D1220089BFFF /* newsApp-SwiffUI */,
				053C557E27D7D1220089BFFF /* Products */,
			);
			sourceTree = "<group>";
		};
		053C557E27D7D1220089BFFF /* Products */ = {
			isa = PBXGroup;
			children = (
				053C557D27D7D1220089BFFF /* newsApp-SwiffUI.app */,
			);
			name = Products;
			sourceTree = "<group>";
		};
		053C557F27D7D1220089BFFF /* newsApp-SwiffUI */ = {
			isa = PBXGroup;
			children = (
				053C558E27D7D1A20089BFFF /* Models */,
				0599A4EE27D8171C00143E97 /* Views */,
				053C558027D7D1220089BFFF /* newsApp_SwiffUIApp.swift */,
				053C558427D7D1250089BFFF /* Assets.xcassets */,
				053C558627D7D1250089BFFF /* Preview Content */,
			);
			path = "newsApp-SwiffUI";
			sourceTree = "<group>";
		};
		053C558627D7D1250089BFFF /* Preview Content */ = {
			isa = PBXGroup;
			children = (
				053C558727D7D1250089BFFF /* Preview Assets.xcassets */,
			);
			path = "Preview Content";
			sourceTree = "<group>";
		};
		053C558E27D7D1A20089BFFF /* Models */ = {
			isa = PBXGroup;
			children = (
				053C558F27D7D1B80089BFFF /* NetworkManager.swift */,
				053C559127D7D2A00089BFFF /* PostData.swift */,
			);
			path = Models;
			sourceTree = "<group>";
		};
		0599A4EE27D8171C00143E97 /* Views */ = {
			isa = PBXGroup;
			children = (
				0599A4EF27D8172B00143E97 /* DetailView.swift */,
				053C558227D7D1220089BFFF /* ContentView.swift */,
				0599A4F127D81CC200143E97 /* WebView.swift */,
			);
			path = Views;
			sourceTree = "<group>";
		};
/* End PBXGroup section */

/* Begin PBXNativeTarget section */
		053C557C27D7D1220089BFFF /* newsApp-SwiffUI */ = {
			isa = PBXNativeTarget;
			buildConfigurationList = 053C558B27D7D1250089BFFF /* Build configuration list for PBXNativeTarget "newsApp-SwiffUI" */;
			buildPhases = (
				053C557927D7D1220089BFFF /* Sources */,
				053C557A27D7D1220089BFFF /* Frameworks */,
				053C557B27D7D1220089BFFF /* Resources */,
			);
			buildRules = (
			);
			dependencies = (
			);
			name = "newsApp-SwiffUI";
			productName = "newsApp-SwiffUI";
			productReference = 053C557D27D7D1220089BFFF /* newsApp-SwiffUI.app */;
			productType = "com.apple.product-type.application";
		};
/* End PBXNativeTarget section */

/* Begin PBXProject section */
		053C557527D7D1220089BFFF /* Project object */ = {
			isa = PBXProject;
			attributes = {
				BuildIndependentTargetsInParallel = 1;
				LastSwiftUpdateCheck = 1320;
				LastUpgradeCheck = 1320;
				TargetAttributes = {
					053C557C27D7D1220089BFFF = {
						CreatedOnToolsVersion = 13.2.1;
					};
				};
			};
			buildConfigurationList = 053C557827D7D1220089BFFF /* Build configuration list for PBXProject "newsApp-SwiffUI" */;
			compatibilityVersion = "Xcode 13.0";
			developmentRegion = en;
			hasScannedForEncodings = 0;
			knownRegions = (
				en,
				Base,
			);
			mainGroup = 053C557427D7D1220089BFFF;
			productRefGroup = 053C557E27D7D1220089BFFF /* Products */;
			projectDirPath = "";
			projectRoot = "";
			targets = (
				053C557C27D7D1220089BFFF /* newsApp-SwiffUI */,
			);
		};
/* End PBXProject section */

/* Begin PBXResourcesBuildPhase section */
		053C557B27D7D1220089BFFF /* Resources */ = {
			isa = PBXResourcesBuildPhase;
			buildActionMask = 2147483647;
			files = (
				053C558827D7D1250089BFFF /* Preview Assets.xcassets in Resources */,
				053C558527D7D1250089BFFF /* Assets.xcassets in Resources */,
			);
			runOnlyForDeploymentPostprocessing = 0;
		};
/* End PBXResourcesBuildPhase section */

/* Begin PBXSourcesBuildPhase section */
		053C557927D7D1220089BFFF /* Sources */ = {
			isa = PBXSourcesBuildPhase;
			buildActionMask = 2147483647;
			files = (
				053C559027D7D1B80089BFFF /* NetworkManager.swift in Sources */,
				053C559227D7D2A00089BFFF /* PostData.swift in Sources */,
				053C558327D7D1220089BFFF /* ContentView.swift in Sources */,
				0599A4F227D81CC200143E97 /* WebView.swift in Sources */,
				0599A4F027D8172B00143E97 /* DetailView.swift in Sources */,
				053C558127D7D1220089BFFF /* newsApp_SwiffUIApp.swift in Sources */,
			);
			runOnlyForDeploymentPostprocessing = 0;
		};
/* End PBXSourcesBuildPhase section */

/* Begin XCBuildConfiguration section */
		053C558927D7D1250089BFFF /* Debug */ = {
			isa = XCBuildConfiguration;
			buildSettings = {
				ALWAYS_SEARCH_USER_PATHS = NO;
				CLANG_ANALYZER_NONNULL = YES;
				CLANG_ANALYZER_NUMBER_OBJECT_CONVERSION = YES_AGGRESSIVE;
				CLANG_CXX_LANGUAGE_STANDARD = "gnu++17";
				CLANG_CXX_LIBRARY = "libc++";
				CLANG_ENABLE_MODULES = YES;
				CLANG_ENABLE_OBJC_ARC = YES;
				CLANG_ENABLE_OBJC_WEAK = YES;
				CLANG_WARN_BLOCK_CAPTURE_AUTORELEASING = YES;
				CLANG_WARN_BOOL_CONVERSION = YES;
				CLANG_WARN_COMMA = YES;
				CLANG_WARN_CONSTANT_CONVERSION = YES;
				CLANG_WARN_DEPRECATED_OBJC_IMPLEMENTATIONS = YES;
				CLANG_WARN_DIRECT_OBJC_ISA_USAGE = YES_ERROR;
				CLANG_WARN_DOCUMENTATION_COMMENTS = YES;
				CLANG_WARN_EMPTY_BODY = YES;
				CLANG_WARN_ENUM_CONVERSION = YES;
				CLANG_WARN_INFINITE_RECURSION = YES;
				CLANG_WARN_INT_CONVERSION = YES;
				CLANG_WARN_NON_LITERAL_NULL_CONVERSION = YES;
				CLANG_WARN_OBJC_IMPLICIT_RETAIN_SELF = YES;
				CLANG_WARN_OBJC_LITERAL_CONVERSION = YES;
				CLANG_WARN_OBJC_ROOT_CLASS = YES_ERROR;
				CLANG_WARN_QUOTED_INCLUDE_IN_FRAMEWORK_HEADER = YES;
				CLANG_WARN_RANGE_LOOP_ANALYSIS = YES;
				CLANG_WARN_STRICT_PROTOTYPES = YES;
				CLANG_WARN_SUSPICIOUS_MOVE = YES;
				CLANG_WARN_UNGUARDED_AVAILABILITY = YES_AGGRESSIVE;
				CLANG_WARN_UNREACHABLE_CODE = YES;
				CLANG_WARN__DUPLICATE_METHOD_MATCH = YES;
				COPY_PHASE_STRIP = NO;
				DEBUG_INFORMATION_FORMAT = dwarf;
				ENABLE_STRICT_OBJC_MSGSEND = YES;
				ENABLE_TESTABILITY = YES;
				GCC_C_LANGUAGE_STANDARD = gnu11;
				GCC_DYNAMIC_NO_PIC = NO;
				GCC_NO_COMMON_BLOCKS = YES;
				GCC_OPTIMIZATION_LEVEL = 0;
				GCC_PREPROCESSOR_DEFINITIONS = (
					"DEBUG=1",
					"$(inherited)",
				);
				GCC_WARN_64_TO_32_BIT_CONVERSION = YES;
				GCC_WARN_ABOUT_RETURN_TYPE = YES_ERROR;
				GCC_WARN_UNDECLARED_SELECTOR = YES;
				GCC_WARN_UNINITIALIZED_AUTOS = YES_AGGRESSIVE;
				GCC_WARN_UNUSED_FUNCTION = YES;
				GCC_WARN_UNUSED_VARIABLE = YES;
				IPHONEOS_DEPLOYMENT_TARGET = 15.2;
				MTL_ENABLE_DEBUG_INFO = INCLUDE_SOURCE;
				MTL_FAST_MATH = YES;
				ONLY_ACTIVE_ARCH = YES;
				SDKROOT = iphoneos;
				SWIFT_ACTIVE_COMPILATION_CONDITIONS = DEBUG;
				SWIFT_OPTIMIZATION_LEVEL = "-Onone";
			};
			name = Debug;
		};
		053C558A27D7D1250089BFFF /* Release */ = {
			isa = XCBuildConfiguration;
			buildSettings = {
				ALWAYS_SEARCH_USER_PATHS = NO;
				CLANG_ANALYZER_NONNULL = YES;
				CLANG_ANALYZER_NUMBER_OBJECT_CONVERSION = YES_AGGRESSIVE;
				CLANG_CXX_LANGUAGE_STANDARD = "gnu++17";
				CLANG_CXX_LIBRARY = "libc++";
				CLANG_ENABLE_MODULES = YES;
				CLANG_ENABLE_OBJC_ARC = YES;
				CLANG_ENABLE_OBJC_WEAK = YES;
				CLANG_WARN_BLOCK_CAPTURE_AUTORELEASING = YES;
				CLANG_WARN_BOOL_CONVERSION = YES;
				CLANG_WARN_COMMA = YES;
				CLANG_WARN_CONSTANT_CONVERSION = YES;
				CLANG_WARN_DEPRECATED_OBJC_IMPLEMENTATIONS = YES;
				CLANG_WARN_DIRECT_OBJC_ISA_USAGE = YES_ERROR;
				CLANG_WARN_DOCUMENTATION_COMMENTS = YES;
				CLANG_WARN_EMPTY_BODY = YES;
				CLANG_WARN_ENUM_CONVERSION = YES;
				CLANG_WARN_INFINITE_RECURSION = YES;
				CLANG_WARN_INT_CONVERSION = YES;
				CLANG_WARN_NON_LITERAL_NULL_CONVERSION = YES;
				CLANG_WARN_OBJC_IMPLICIT_RETAIN_SELF = YES;
				CLANG_WARN_OBJC_LITERAL_CONVERSION = YES;
				CLANG_WARN_OBJC_ROOT_CLASS = YES_ERROR;
				CLANG_WARN_QUOTED_INCLUDE_IN_FRAMEWORK_HEADER = YES;
				CLANG_WARN_RANGE_LOOP_ANALYSIS = YES;
				CLANG_WARN_STRICT_PROTOTYPES = YES;
				CLANG_WARN_SUSPICIOUS_MOVE = YES;
				CLANG_WARN_UNGUARDED_AVAILABILITY = YES_AGGRESSIVE;
				CLANG_WARN_UNREACHABLE_CODE = YES;
				CLANG_WARN__DUPLICATE_METHOD_MATCH = YES;
				COPY_PHASE_STRIP = NO;
				DEBUG_INFORMATION_FORMAT = "dwarf-with-dsym";
				ENABLE_NS_ASSERTIONS = NO;
				ENABLE_STRICT_OBJC_MSGSEND = YES;
				GCC_C_LANGUAGE_STANDARD = gnu11;
				GCC_NO_COMMON_BLOCKS = YES;
				GCC_WARN_64_TO_32_BIT_CONVERSION = YES;
				GCC_WARN_ABOUT_RETURN_TYPE = YES_ERROR;
				GCC_WARN_UNDECLARED_SELECTOR = YES;
				GCC_WARN_UNINITIALIZED_AUTOS = YES_AGGRESSIVE;
				GCC_WARN_UNUSED_FUNCTION = YES;
				GCC_WARN_UNUSED_VARIABLE = YES;
				IPHONEOS_DEPLOYMENT_TARGET = 15.2;
				MTL_ENABLE_DEBUG_INFO = NO;
				MTL_FAST_MATH = YES;
				SDKROOT = iphoneos;
				SWIFT_COMPILATION_MODE = wholemodule;
				SWIFT_OPTIMIZATION_LEVEL = "-O";
				VALIDATE_PRODUCT = YES;
			};
			name = Release;
		};
		053C558C27D7D1250089BFFF /* Debug */ = {
			isa = XCBuildConfiguration;
			buildSettings = {
				ASSETCATALOG_COMPILER_APPICON_NAME = AppIcon;
				ASSETCATALOG_COMPILER_GLOBAL_ACCENT_COLOR_NAME = AccentColor;
				CODE_SIGN_STYLE = Automatic;
				CURRENT_PROJECT_VERSION = 1;
				DEVELOPMENT_ASSET_PATHS = "\"newsApp-SwiffUI/Preview Content\"";
				DEVELOPMENT_TEAM = LFHK2L5V9K;
				ENABLE_PREVIEWS = YES;
				GENERATE_INFOPLIST_FILE = YES;
				INFOPLIST_KEY_UIApplicationSceneManifest_Generation = YES;
				INFOPLIST_KEY_UIApplicationSupportsIndirectInputEvents = YES;
				INFOPLIST_KEY_UILaunchScreen_Generation = YES;
				INFOPLIST_KEY_UISupportedInterfaceOrientations_iPad = "UIInterfaceOrientationPortrait UIInterfaceOrientationPortraitUpsideDown UIInterfaceOrientationLandscapeLeft UIInterfaceOrientationLandscapeRight";
				INFOPLIST_KEY_UISupportedInterfaceOrientations_iPhone = "UIInterfaceOrientationPortrait UIInterfaceOrientationLandscapeLeft UIInterfaceOrientationLandscapeRight";
				LD_RUNPATH_SEARCH_PATHS = (
					"$(inherited)",
					"@executable_path/Frameworks",
				);
				MARKETING_VERSION = 1.0;
				PRODUCT_BUNDLE_IDENTIFIER = "com.alexbitar.newsApp-SwiffUI";
				PRODUCT_NAME = "$(TARGET_NAME)";
				SWIFT_EMIT_LOC_STRINGS = YES;
				SWIFT_VERSION = 5.0;
				TARGETED_DEVICE_FAMILY = "1,2";
			};
			name = Debug;
		};
		053C558D27D7D1250089BFFF /* Release */ = {
			isa = XCBuildConfiguration;
			buildSettings = {
				ASSETCATALOG_COMPILER_APPICON_NAME = AppIcon;
				ASSETCATALOG_COMPILER_GLOBAL_ACCENT_COLOR_NAME = AccentColor;
				CODE_SIGN_STYLE = Automatic;
				CURRENT_PROJECT_VERSION = 1;
				DEVELOPMENT_ASSET_PATHS = "\"newsApp-SwiffUI/Preview Content\"";
				DEVELOPMENT_TEAM = LFHK2L5V9K;
				ENABLE_PREVIEWS = YES;
				GENERATE_INFOPLIST_FILE = YES;
				INFOPLIST_KEY_UIApplicationSceneManifest_Generation = YES;
				INFOPLIST_KEY_UIApplicationSupportsIndirectInputEvents = YES;
				INFOPLIST_KEY_UILaunchScreen_Generation = YES;
				INFOPLIST_KEY_UISupportedInterfaceOrientations_iPad = "UIInterfaceOrientationPortrait UIInterfaceOrientationPortraitUpsideDown UIInterfaceOrientationLandscapeLeft UIInterfaceOrientationLandscapeRight";
				INFOPLIST_KEY_UISupportedInterfaceOrientations_iPhone = "UIInterfaceOrientationPortrait UIInterfaceOrientationLandscapeLeft UIInterfaceOrientationLandscapeRight";
				LD_RUNPATH_SEARCH_PATHS = (
					"$(inherited)",
					"@executable_path/Frameworks",
				);
				MARKETING_VERSION = 1.0;
				PRODUCT_BUNDLE_IDENTIFIER = "com.alexbitar.newsApp-SwiffUI";
				PRODUCT_NAME = "$(TARGET_NAME)";
				SWIFT_EMIT_LOC_STRINGS = YES;
				SWIFT_VERSION = 5.0;
				TARGETED_DEVICE_FAMILY = "1,2";
			};
			name = Release;
		};
/* End XCBuildConfiguration section */

/* Begin XCConfigurationList section */
		053C557827D7D1220089BFFF /* Build configuration list for PBXProject "newsApp-SwiffUI" */ = {
			isa = XCConfigurationList;
			buildConfigurations = (
				053C558927D7D1250089BFFF /* Debug */,
				053C558A27D7D1250089BFFF /* Release */,
			);
			defaultConfigurationIsVisible = 0;
			defaultConfigurationName = Release;
		};
		053C558B27D7D1250089BFFF /* Build configuration list for PBXNativeTarget "newsApp-SwiffUI" */ = {
			isa = XCConfigurationList;
			buildConfigurations = (
				053C558C27D7D1250089BFFF /* Debug */,
				053C558D27D7D1250089BFFF /* Release */,
			);
			defaultConfigurationIsVisible = 0;
			defaultConfigurationName = Release;
		};
/* End XCConfigurationList section */
	};
	rootObject = 053C557527D7D1220089BFFF /* Project object */;
}
